
Microsoft Visual Studio Solution File, Format Version 12.00
# Visual Studio Version 17
VisualStudioVersion = 17.10.35013.160
MinimumVisualStudioVersion = 10.0.40219.1
Project("{FAE04EC0-301F-11D3-BF4B-00C04F79EFBC}") = "DSA", "DSA\DSA.csproj", "{721A8A9F-B33F-4FFE-AC2A-5A7A8AD0F7F0}"
EndProject
Global
	GlobalSection(SolutionConfigurationPlatforms) = preSolution
		Debug|Any CPU = Debug|Any CPU
		Release|Any CPU = Release|Any CPU
	EndGlobalSection
	GlobalSection(ProjectConfigurationPlatforms) = postSolution
		{721A8A9F-B33F-4FFE-AC2A-5A7A8AD0F7F0}.Debug|Any CPU.ActiveCfg = Debug|Any CPU
		{721A8A9F-B33F-4FFE-AC2A-5A7A8AD0F7F0}.Debug|Any CPU.Build.0 = Debug|Any CPU
		{721A8A9F-B33F-4FFE-AC2A-5A7A8AD0F7F0}.Release|Any CPU.ActiveCfg = Release|Any CPU
		{721A8A9F-B33F-4FFE-AC2A-5A7A8AD0F7F0}.Release|Any CPU.Build.0 = Release|Any CPU
	EndGlobalSection
	GlobalSection(SolutionProperties) = preSolution
		HideSolutionNode = FALSE
	EndGlobalSection
	GlobalSection(ExtensibilityGlobals) = postSolution
		SolutionGuid = {C0739994-536C-4872-BB6E-9812559D6C66}
	EndGlobalSection
EndGlobal
